
Microsoft Visual Studio Solution File, Format Version 12.00
# Visual Studio Version 17
VisualStudioVersion = 17.1.32228.430
MinimumVisualStudioVersion = 10.0.40219.1
Project("{9A19103F-16F7-4668-BE54-9A1E7A4F7556}") = "RndF", "src\RndF\RndF.csproj", "{308E8582-FCAA-406F-A2C8-A2E757146279}"
EndProject
Project("{2150E333-8FDC-42A3-9474-1A3956D46DE8}") = "src", "src", "{899BD425-CCEA-456E-B622-4CF393091D06}"
	ProjectSection(SolutionItems) = preProject
		src\.editorconfig = src\.editorconfig
		src\Directory.Build.props = src\Directory.Build.props
	EndProjectSection
EndProject
Project("{2150E333-8FDC-42A3-9474-1A3956D46DE8}") = "tests", "tests", "{45F8434A-127F-4C33-B0E8-ACABD4735660}"
	ProjectSection(SolutionItems) = preProject
		tests\.editorconfig = tests\.editorconfig
		tests\Directory.Build.props = tests\Directory.Build.props
	EndProjectSection
EndProject
Project("{9A19103F-16F7-4668-BE54-9A1E7A4F7556}") = "Tests.RndF", "tests\Tests.RndF\Tests.RndF.csproj", "{E703CE6C-CFC5-4991-AA89-2AB602D52EC6}"
EndProject
Project("{2150E333-8FDC-42A3-9474-1A3956D46DE8}") = "Solution Items", "Solution Items", "{8002AC5A-4CD3-497C-81A4-90EDBF947CA1}"
	ProjectSection(SolutionItems) = preProject
		.editorconfig = .editorconfig
		.gitignore = .gitignore
		.markdownlint.json = .markdownlint.json
		Directory.Packages.props = Directory.Packages.props
		LICENSE = LICENSE
		Pack.csproj = Pack.csproj
		.github\workflows\publish.yml = .github\workflows\publish.yml
		README.md = README.md
		Test.csproj = Test.csproj
		.github\workflows\test.yml = .github\workflows\test.yml
		Version = Version
	EndProjectSection
EndProject
Project("{FAE04EC0-301F-11D3-BF4B-00C04F79EFBC}") = "RndF.Sodium", "src\RndF.Sodium\RndF.Sodium.csproj", "{52D044CD-832A-4255-8521-91FA3E9433F5}"
EndProject
Global
	GlobalSection(SolutionConfigurationPlatforms) = preSolution
		Debug|Any CPU = Debug|Any CPU
		Release|Any CPU = Release|Any CPU
	EndGlobalSection
	GlobalSection(ProjectConfigurationPlatforms) = postSolution
		{308E8582-FCAA-406F-A2C8-A2E757146279}.Debug|Any CPU.ActiveCfg = Debug|Any CPU
		{308E8582-FCAA-406F-A2C8-A2E757146279}.Debug|Any CPU.Build.0 = Debug|Any CPU
		{308E8582-FCAA-406F-A2C8-A2E757146279}.Release|Any CPU.ActiveCfg = Release|Any CPU
		{308E8582-FCAA-406F-A2C8-A2E757146279}.Release|Any CPU.Build.0 = Release|Any CPU
		{E703CE6C-CFC5-4991-AA89-2AB602D52EC6}.Debug|Any CPU.ActiveCfg = Debug|Any CPU
		{E703CE6C-CFC5-4991-AA89-2AB602D52EC6}.Debug|Any CPU.Build.0 = Debug|Any CPU
		{E703CE6C-CFC5-4991-AA89-2AB602D52EC6}.Release|Any CPU.ActiveCfg = Release|Any CPU
		{E703CE6C-CFC5-4991-AA89-2AB602D52EC6}.Release|Any CPU.Build.0 = Release|Any CPU
		{52D044CD-832A-4255-8521-91FA3E9433F5}.Debug|Any CPU.ActiveCfg = Debug|Any CPU
		{52D044CD-832A-4255-8521-91FA3E9433F5}.Debug|Any CPU.Build.0 = Debug|Any CPU
		{52D044CD-832A-4255-8521-91FA3E9433F5}.Release|Any CPU.ActiveCfg = Release|Any CPU
		{52D044CD-832A-4255-8521-91FA3E9433F5}.Release|Any CPU.Build.0 = Release|Any CPU
	EndGlobalSection
	GlobalSection(SolutionProperties) = preSolution
		HideSolutionNode = FALSE
	EndGlobalSection
	GlobalSection(NestedProjects) = preSolution
		{308E8582-FCAA-406F-A2C8-A2E757146279} = {899BD425-CCEA-456E-B622-4CF393091D06}
		{E703CE6C-CFC5-4991-AA89-2AB602D52EC6} = {45F8434A-127F-4C33-B0E8-ACABD4735660}
		{52D044CD-832A-4255-8521-91FA3E9433F5} = {899BD425-CCEA-456E-B622-4CF393091D06}
	EndGlobalSection
	GlobalSection(ExtensibilityGlobals) = postSolution
		SolutionGuid = {F9041A83-099C-4D24-8FEA-1F05B12BDFCF}
	EndGlobalSection
EndGlobal
